
Microsoft Visual Studio Solution File, Format Version 12.00
# Visual Studio 2013
VisualStudioVersion = 12.0.21005.1
MinimumVisualStudioVersion = 10.0.40219.1
Project("{FAE04EC0-301F-11D3-BF4B-00C04F79EFBC}") = "РectanglePerimeter", "РectanglePerimeter\РectanglePerimeter.csproj", "{9EC50FCA-38E2-42EB-A4BC-6C5BBD350323}"
EndProject
Global
	GlobalSection(SolutionConfigurationPlatforms) = preSolution
		Debug|Any CPU = Debug|Any CPU
		Release|Any CPU = Release|Any CPU
	EndGlobalSection
	GlobalSection(ProjectConfigurationPlatforms) = postSolution
		{9EC50FCA-38E2-42EB-A4BC-6C5BBD350323}.Debug|Any CPU.ActiveCfg = Debug|Any CPU
		{9EC50FCA-38E2-42EB-A4BC-6C5BBD350323}.Debug|Any CPU.Build.0 = Debug|Any CPU
		{9EC50FCA-38E2-42EB-A4BC-6C5BBD350323}.Release|Any CPU.ActiveCfg = Release|Any CPU
		{9EC50FCA-38E2-42EB-A4BC-6C5BBD350323}.Release|Any CPU.Build.0 = Release|Any CPU
	EndGlobalSection
	GlobalSection(SolutionProperties) = preSolution
		HideSolutionNode = FALSE
	EndGlobalSection
EndGlobal
